
Microsoft Visual Studio Solution File, Format Version 12.00
# Visual Studio 2012
Project("{F088123C-0E9E-452A-89E6-6BA2F21D5CAC}") = "Modelisation", "Modelisation\Modelisation.modelproj", "{77E1ADF1-9DA7-4614-8AE6-CC14C63FEA36}"
EndProject
Project("{FAE04EC0-301F-11D3-BF4B-00C04F79EFBC}") = "SmallWorld", "ModelingProject1Lib\SmallWorld.csproj", "{AD83AC8B-AE97-4DCB-BBB4-68D9FBA814B2}"
EndProject
Project("{FAE04EC0-301F-11D3-BF4B-00C04F79EFBC}") = "WPF", "WPF\WPF.csproj", "{310D0811-EAA7-4461-921A-48B199FBC726}"
EndProject
Project("{8BC9CEB8-8B4A-11D0-8D11-00A0C91BC942}") = "LibCpp", "LibCpp\LibCpp.vcxproj", "{DDAFE3A1-AF57-48C9-82A3-30F88BCF0B28}"
EndProject
Project("{FAE04EC0-301F-11D3-BF4B-00C04F79EFBC}") = "Test", "Test\Test.csproj", "{A251762A-3879-42D8-90E0-907F193412AD}"
EndProject
Project("{8BC9CEB8-8B4A-11D0-8D11-00A0C91BC942}") = "Wrapper", "Wrapper\Wrapper.vcxproj", "{3F695CA3-C7A2-444D-86A2-69953BFB3D49}"
EndProject
Global
	GlobalSection(SolutionConfigurationPlatforms) = preSolution
		Debug|Any CPU = Debug|Any CPU
		Debug|Mixed Platforms = Debug|Mixed Platforms
		Debug|Win32 = Debug|Win32
		Release|Any CPU = Release|Any CPU
		Release|Mixed Platforms = Release|Mixed Platforms
		Release|Win32 = Release|Win32
	EndGlobalSection
	GlobalSection(ProjectConfigurationPlatforms) = postSolution
		{77E1ADF1-9DA7-4614-8AE6-CC14C63FEA36}.Debug|Any CPU.ActiveCfg = Debug|Any CPU
		{77E1ADF1-9DA7-4614-8AE6-CC14C63FEA36}.Debug|Any CPU.Build.0 = Debug|Any CPU
		{77E1ADF1-9DA7-4614-8AE6-CC14C63FEA36}.Debug|Mixed Platforms.ActiveCfg = Debug|Any CPU
		{77E1ADF1-9DA7-4614-8AE6-CC14C63FEA36}.Debug|Mixed Platforms.Build.0 = Debug|Any CPU
		{77E1ADF1-9DA7-4614-8AE6-CC14C63FEA36}.Debug|Win32.ActiveCfg = Debug|Any CPU
		{77E1ADF1-9DA7-4614-8AE6-CC14C63FEA36}.Release|Any CPU.ActiveCfg = Release|Any CPU
		{77E1ADF1-9DA7-4614-8AE6-CC14C63FEA36}.Release|Any CPU.Build.0 = Release|Any CPU
		{77E1ADF1-9DA7-4614-8AE6-CC14C63FEA36}.Release|Mixed Platforms.ActiveCfg = Release|Any CPU
		{77E1ADF1-9DA7-4614-8AE6-CC14C63FEA36}.Release|Mixed Platforms.Build.0 = Release|Any CPU
		{77E1ADF1-9DA7-4614-8AE6-CC14C63FEA36}.Release|Win32.ActiveCfg = Release|Any CPU
		{AD83AC8B-AE97-4DCB-BBB4-68D9FBA814B2}.Debug|Any CPU.ActiveCfg = Debug|Any CPU
		{AD83AC8B-AE97-4DCB-BBB4-68D9FBA814B2}.Debug|Any CPU.Build.0 = Debug|Any CPU
		{AD83AC8B-AE97-4DCB-BBB4-68D9FBA814B2}.Debug|Mixed Platforms.ActiveCfg = Debug|Any CPU
		{AD83AC8B-AE97-4DCB-BBB4-68D9FBA814B2}.Debug|Mixed Platforms.Build.0 = Debug|Any CPU
		{AD83AC8B-AE97-4DCB-BBB4-68D9FBA814B2}.Debug|Win32.ActiveCfg = Debug|Any CPU
		{AD83AC8B-AE97-4DCB-BBB4-68D9FBA814B2}.Release|Any CPU.ActiveCfg = Release|Any CPU
		{AD83AC8B-AE97-4DCB-BBB4-68D9FBA814B2}.Release|Any CPU.Build.0 = Release|Any CPU
		{AD83AC8B-AE97-4DCB-BBB4-68D9FBA814B2}.Release|Mixed Platforms.ActiveCfg = Release|Any CPU
		{AD83AC8B-AE97-4DCB-BBB4-68D9FBA814B2}.Release|Mixed Platforms.Build.0 = Release|Any CPU
		{AD83AC8B-AE97-4DCB-BBB4-68D9FBA814B2}.Release|Win32.ActiveCfg = Release|Any CPU
		{310D0811-EAA7-4461-921A-48B199FBC726}.Debug|Any CPU.ActiveCfg = Debug|Any CPU
		{310D0811-EAA7-4461-921A-48B199FBC726}.Debug|Any CPU.Build.0 = Debug|Any CPU
		{310D0811-EAA7-4461-921A-48B199FBC726}.Debug|Mixed Platforms.ActiveCfg = Debug|Any CPU
		{310D0811-EAA7-4461-921A-48B199FBC726}.Debug|Mixed Platforms.Build.0 = Debug|Any CPU
		{310D0811-EAA7-4461-921A-48B199FBC726}.Debug|Win32.ActiveCfg = Debug|Any CPU
		{310D0811-EAA7-4461-921A-48B199FBC726}.Release|Any CPU.ActiveCfg = Release|Any CPU
		{310D0811-EAA7-4461-921A-48B199FBC726}.Release|Any CPU.Build.0 = Release|Any CPU
		{310D0811-EAA7-4461-921A-48B199FBC726}.Release|Mixed Platforms.ActiveCfg = Release|Any CPU
		{310D0811-EAA7-4461-921A-48B199FBC726}.Release|Mixed Platforms.Build.0 = Release|Any CPU
		{310D0811-EAA7-4461-921A-48B199FBC726}.Release|Win32.ActiveCfg = Release|Any CPU
		{DDAFE3A1-AF57-48C9-82A3-30F88BCF0B28}.Debug|Any CPU.ActiveCfg = Debug|Win32
		{DDAFE3A1-AF57-48C9-82A3-30F88BCF0B28}.Debug|Mixed Platforms.ActiveCfg = Debug|Win32
		{DDAFE3A1-AF57-48C9-82A3-30F88BCF0B28}.Debug|Mixed Platforms.Build.0 = Debug|Win32
		{DDAFE3A1-AF57-48C9-82A3-30F88BCF0B28}.Debug|Win32.ActiveCfg = Debug|Win32
		{DDAFE3A1-AF57-48C9-82A3-30F88BCF0B28}.Debug|Win32.Build.0 = Debug|Win32
		{DDAFE3A1-AF57-48C9-82A3-30F88BCF0B28}.Release|Any CPU.ActiveCfg = Release|Win32
		{DDAFE3A1-AF57-48C9-82A3-30F88BCF0B28}.Release|Mixed Platforms.ActiveCfg = Release|Win32
		{DDAFE3A1-AF57-48C9-82A3-30F88BCF0B28}.Release|Mixed Platforms.Build.0 = Release|Win32
		{DDAFE3A1-AF57-48C9-82A3-30F88BCF0B28}.Release|Win32.ActiveCfg = Release|Win32
		{DDAFE3A1-AF57-48C9-82A3-30F88BCF0B28}.Release|Win32.Build.0 = Release|Win32
		{A251762A-3879-42D8-90E0-907F193412AD}.Debug|Any CPU.ActiveCfg = Debug|Any CPU
		{A251762A-3879-42D8-90E0-907F193412AD}.Debug|Any CPU.Build.0 = Debug|Any CPU
		{A251762A-3879-42D8-90E0-907F193412AD}.Debug|Mixed Platforms.ActiveCfg = Debug|Any CPU
		{A251762A-3879-42D8-90E0-907F193412AD}.Debug|Mixed Platforms.Build.0 = Debug|Any CPU
		{A251762A-3879-42D8-90E0-907F193412AD}.Debug|Win32.ActiveCfg = Debug|Any CPU
		{A251762A-3879-42D8-90E0-907F193412AD}.Release|Any CPU.ActiveCfg = Release|Any CPU
		{A251762A-3879-42D8-90E0-907F193412AD}.Release|Any CPU.Build.0 = Release|Any CPU
		{A251762A-3879-42D8-90E0-907F193412AD}.Release|Mixed Platforms.ActiveCfg = Release|Any CPU
		{A251762A-3879-42D8-90E0-907F193412AD}.Release|Mixed Platforms.Build.0 = Release|Any CPU
		{A251762A-3879-42D8-90E0-907F193412AD}.Release|Win32.ActiveCfg = Release|Any CPU
		{3F695CA3-C7A2-444D-86A2-69953BFB3D49}.Debug|Any CPU.ActiveCfg = Debug|Win32
		{3F695CA3-C7A2-444D-86A2-69953BFB3D49}.Debug|Mixed Platforms.ActiveCfg = Debug|Win32
		{3F695CA3-C7A2-444D-86A2-69953BFB3D49}.Debug|Mixed Platforms.Build.0 = Debug|Win32
		{3F695CA3-C7A2-444D-86A2-69953BFB3D49}.Debug|Win32.ActiveCfg = Debug|Win32
		{3F695CA3-C7A2-444D-86A2-69953BFB3D49}.Debug|Win32.Build.0 = Debug|Win32
		{3F695CA3-C7A2-444D-86A2-69953BFB3D49}.Release|Any CPU.ActiveCfg = Release|Win32
		{3F695CA3-C7A2-444D-86A2-69953BFB3D49}.Release|Mixed Platforms.ActiveCfg = Release|Win32
		{3F695CA3-C7A2-444D-86A2-69953BFB3D49}.Release|Mixed Platforms.Build.0 = Release|Win32
		{3F695CA3-C7A2-444D-86A2-69953BFB3D49}.Release|Win32.ActiveCfg = Release|Win32
		{3F695CA3-C7A2-444D-86A2-69953BFB3D49}.Release|Win32.Build.0 = Release|Win32
	EndGlobalSection
	GlobalSection(SolutionProperties) = preSolution
		HideSolutionNode = FALSE
	EndGlobalSection
EndGlobal
